{
  "lockfileVersion": 1,
  "configVersion": 1,
  "workspaces": {
    "": {
      "name": "launchfile-www-shared",
      "dependencies": {
        "satteri": "^0.10.5",
      },
      "devDependencies": {
        "@types/hast": "^3.0.4",
        "@types/mdast": "^4.0.4",
      },
    },
  },
  "packages": {
    "@bruits/satteri-darwin-arm64": ["@bruits/satteri-darwin-arm64@0.10.5", "", { "os": "darwin", "cpu": "arm64" }, "sha512-27KTVl4TJkVahMy/ohyA7qd4938G5UNneFUz/PsScYfpIhj0IVAS23mpcJXdPF44sa6nva198lmV/cKIb2YPyA=="],

    "@bruits/satteri-darwin-x64": ["@bruits/satteri-darwin-x64@0.10.5", "", { "os": "darwin", "cpu": "x64" }, "sha512-IjnLe3nKspq6qaeqGgjT7MT8VrTV74yWRlaag7ZdNsI8TDAYZ0iPxMCo+9KQZHUk5EyVB+reBI/PFWL5KuFw9Q=="],

    "@bruits/satteri-linux-arm64-gnu": ["@bruits/satteri-linux-arm64-gnu@0.10.5", "", { "os": "linux", "cpu": "arm64" }, "sha512-glkYXZCJywjP13v67eAyAMSJdF+ncvEbYvgi/wOtffL9tQ27lr/zsyzUfgs+ovjJ9d8JNQKiXeiArJcX8PJL9w=="],

    "@bruits/satteri-linux-arm64-musl": ["@bruits/satteri-linux-arm64-musl@0.10.5", "", { "os": "linux", "cpu": "arm64" }, "sha512-yWdgG1g17Nh2QyGVlFUxGRa3FEFwiMcpZEyMNWkbM3deC94cmVc+/i9OuyFpdKuWo3GkgoCtYVOoxk1uCnCZIA=="],

    "@bruits/satteri-linux-x64-gnu": ["@bruits/satteri-linux-x64-gnu@0.10.5", "", { "os": "linux", "cpu": "x64" }, "sha512-FVaLoPT1fBgGl0J+AYebyyXJYBachGl8Oyyrf1lye4RTqCB4S0Gwkj1uM9RJyThUOvx5VUmAT1CnNh1SFHA+kw=="],

    "@bruits/satteri-linux-x64-musl": ["@bruits/satteri-linux-x64-musl@0.10.5", "", { "os": "linux", "cpu": "x64" }, "sha512-EHpVAx2bqW3GINHTKkljtxVfQmVDGWIuwOYOP5YghTj+0PkBa2o8oKPRtQ9Kbsr1Fye8jtUcDjhwj2jMNugZKg=="],

    "@bruits/satteri-wasm32-wasi": ["@bruits/satteri-wasm32-wasi@0.10.5", "", { "dependencies": { "@emnapi/core": "1.11.1", "@emnapi/runtime": "1.11.1", "@napi-rs/wasm-runtime": "^1.2.3" }, "cpu": "none" }, "sha512-ypz8c/Zmipxp4IoeDa228Gstv6TLzVmNs3yC6wKCoNSOjx1iwpgzu87Y3hTkXFdwChVGU85qeUDuOIarGUZQLw=="],

    "@bruits/satteri-win32-arm64-msvc": ["@bruits/satteri-win32-arm64-msvc@0.10.5", "", { "os": "win32", "cpu": "arm64" }, "sha512-siTV88nb0LRqNpkL2gXboqCwVdq95sLtzMHS1/3eONV2gLbB3NAK46wmSMvCO/yquBvI2lvaFIfd8P12ecsxBw=="],

    "@bruits/satteri-win32-x64-msvc": ["@bruits/satteri-win32-x64-msvc@0.10.5", "", { "os": "win32", "cpu": "x64" }, "sha512-C3IfPvfvMXmlzBxaMPKFS1XiuV9pu2mC7YqkPk7PSvTgPZ8gbdASIpHpztDLvTTQjqZ0z1Ol8tK5X+V6XXC0wQ=="],

    "@emnapi/core": ["@emnapi/core@1.11.1", "", { "dependencies": { "@emnapi/wasi-threads": "1.2.2", "tslib": "^2.4.0" } }, "sha512-RSvbQmHzdKzNsLYa/wHrbc3KN4sYLKAdPZxqiM2HATqv/SBk2/ENSHpvXGaLOMcsAyz0poEGqkmmKYG3OWiJEQ=="],

    "@emnapi/runtime": ["@emnapi/runtime@1.11.1", "", { "dependencies": { "tslib": "^2.4.0" } }, "sha512-vgj7R3y3Wgx24IQaGPA/R6YFXLHVMOZ0uVEyIQPaWs+rd1AzfEMXlAC22FYwO1XkKR6NPsq7mUandH8oIRdZFw=="],

    "@emnapi/wasi-threads": ["@emnapi/wasi-threads@1.2.2", "", { "dependencies": { "tslib": "^2.4.0" } }, "sha512-c95qOXkHdydNKhscBTebqEC1CVAZpyqOfVfBzQ1qgzyl3gfeldUjIggDbIZgDKsHLgnsM+igH7TJ/eAasaVuMA=="],

    "@napi-rs/wasm-runtime": ["@napi-rs/wasm-runtime@1.2.3", "", { "dependencies": { "@tybys/wasm-util": "^0.10.3" }, "peerDependencies": { "@emnapi/core": "^1.7.1 || ^2.0.0-alpha.4", "@emnapi/runtime": "^1.7.1 || ^2.0.0-alpha.4" } }, "sha512-UMduMbqO5s5zF2NkNacMT/yK5Y5QiKvWr2+50bzIIxFDwVJ2h49b+oyjaCGPhJxd2/gC2x39EHv/gHVuu36x2Q=="],

    "@tybys/wasm-util": ["@tybys/wasm-util@0.10.3", "", { "dependencies": { "tslib": "^2.4.0" } }, "sha512-F3fo1MYrRJYL3zER0OUOmkutjr1Vp23m7OsSgp7nq4SP6OqX6C/56XFIPAl5bt3zaBRjmW7SGz3u/6LwFpYcOg=="],

    "@types/estree": ["@types/estree@1.0.9", "", {}, "sha512-GhdPgy1el4/ImP05X05Uw4cw2/M93BCUmnEvWZNStlCzEKME4Fkk+YpoA5OiHNQmoS7Cafb8Xa3Pya8m1Qrzeg=="],

    "@types/estree-jsx": ["@types/estree-jsx@1.0.5", "", { "dependencies": { "@types/estree": "*" } }, "sha512-52CcUVNFyfb1A2ALocQw/Dd1BQFNmSdkuC3BkZ6iqhdMfQz7JWOFRuJFloOzjk+6WijU56m9oKXFAXc7o3Towg=="],

    "@types/hast": ["@types/hast@3.0.4", "", { "dependencies": { "@types/unist": "*" } }, "sha512-WPs+bbQw5aCj+x6laNGWLH3wviHtoCv/P3+otBhbOhJgG8qtpdAMlTCxLtsTWA7LH1Oh/bFCHsBn0TPS5m30EQ=="],

    "@types/mdast": ["@types/mdast@4.0.4", "", { "dependencies": { "@types/unist": "*" } }, "sha512-kGaNbPh1k7AFzgpud/gMdvIm5xuECykRR+JnWKQno9TAXVa6WIVCGTPvYGekIDL4uwCZQSYbUxNBSb1aUo79oA=="],

    "@types/unist": ["@types/unist@3.0.3", "", {}, "sha512-ko/gIFJRv177XgZsZcBwnqJN5x/Gien8qNOn0D5bQU/zAzVf9Zt3BlcUiLqhV9y4ARk0GbT3tnUiPNgnTXzc/Q=="],

    "satteri": ["satteri@0.10.5", "", { "dependencies": { "@types/estree-jsx": "^1.0.5", "@types/hast": "^3.0.5", "@types/mdast": "^4.0.4", "@types/unist": "^3.0.3" }, "optionalDependencies": { "@bruits/satteri-darwin-arm64": "0.10.5", "@bruits/satteri-darwin-x64": "0.10.5", "@bruits/satteri-linux-arm64-gnu": "0.10.5", "@bruits/satteri-linux-arm64-musl": "0.10.5", "@bruits/satteri-linux-x64-gnu": "0.10.5", "@bruits/satteri-linux-x64-musl": "0.10.5", "@bruits/satteri-wasm32-wasi": "0.10.5", "@bruits/satteri-win32-arm64-msvc": "0.10.5", "@bruits/satteri-win32-x64-msvc": "0.10.5" } }, "sha512-Ao1LKpAEa9Wdg0otgbVKViZHEq9ebdXe4DMrp3s9vQAU0HNIuHnFEuMuOcm0ZIXyV0Yzxj91NvhLpvXZJO/5ZQ=="],

    "tslib": ["tslib@2.8.1", "", {}, "sha512-oJFu94HQb+KVduSUQL7wnpmqnfmLsOA/nAh6b6EH0wCEoK0/mPeXU6c3wKDV83MkOuHPRHtSXKKU99IBazS/2w=="],

    "satteri/@types/hast": ["@types/hast@3.0.5", "", { "dependencies": { "@types/unist": "*" } }, "sha512-rp/ezSWaD1m44dPKICGhiskI13nVr7qTloFwDa/IYkhhf5nzwP+zIQcIJh3WIFSBOy/H1PzB40jPjMDksN4F+g=="],
  }
}
