{
  "lockfileVersion": 1,
  "configVersion": 1,
  "workspaces": {
    "": {
      "name": "launchfile-www-shared",
      "dependencies": {
        "satteri": "^0.9.3",
      },
      "devDependencies": {
        "@types/hast": "^3.0.4",
        "@types/mdast": "^4.0.4",
      },
    },
  },
  "packages": {
    "@bruits/satteri-darwin-arm64": ["@bruits/satteri-darwin-arm64@0.9.3", "", { "os": "darwin", "cpu": "arm64" }, "sha512-dRUZZrdwh1asfTOyM1nDNmzolhnHtlIFpqYrl1Tdd3YVcaebKmrfJgGL7NAoGPjbEwYmZxaugrxA0uzw83c0dw=="],

    "@bruits/satteri-darwin-x64": ["@bruits/satteri-darwin-x64@0.9.3", "", { "os": "darwin", "cpu": "x64" }, "sha512-wgNCTRp2hPSpNMGFv5A4+6+VXgRJIlBZ7XKb3iwjV8YjRWNIjzE5zV2fUeYynyZYVRkuJ9aYFqQmWhc1e5H+UQ=="],

    "@bruits/satteri-linux-arm64-gnu": ["@bruits/satteri-linux-arm64-gnu@0.9.3", "", { "os": "linux", "cpu": "arm64" }, "sha512-A/pWy8Jb/PhDYc2/JFuYh06gFJcsfBUBDl81YydGYBrL/Z4nItDfhNDNOibyeSN/lKKDRlycIHEIajjErk00sQ=="],

    "@bruits/satteri-linux-arm64-musl": ["@bruits/satteri-linux-arm64-musl@0.9.3", "", { "os": "linux", "cpu": "arm64" }, "sha512-L6YxmyOSickzo4pE5WmZfNTJnjX0MtgKOsuwQfNZECTx9Ir5vl2B37EIwnxe2AybuPPHl+FqVQtthNDUdH4Vgg=="],

    "@bruits/satteri-linux-x64-gnu": ["@bruits/satteri-linux-x64-gnu@0.9.3", "", { "os": "linux", "cpu": "x64" }, "sha512-RgH6GPihg9Lzs2yHUsMjqiLxfLyOdmBty8sg9pBY9B4CBnvdOzvg8vklqN+C4qrEEdA9TwpbDpHr1AshLKyRpw=="],

    "@bruits/satteri-linux-x64-musl": ["@bruits/satteri-linux-x64-musl@0.9.3", "", { "os": "linux", "cpu": "x64" }, "sha512-BeWhVORjNTIomePznUKiMbHZTqC0j7sMXZFsISmbX+po5d33KLkqBqKh6K332CHJ8KUmCWx16FfPjwsoysttQg=="],

    "@bruits/satteri-wasm32-wasi": ["@bruits/satteri-wasm32-wasi@0.9.3", "", { "dependencies": { "@emnapi/core": "1.11.1", "@emnapi/runtime": "1.11.1", "@napi-rs/wasm-runtime": "^1.1.6" }, "cpu": "none" }, "sha512-dFNcOHKWV2cztCPnYTn7kZ9D7kNOt8N239z5ysFkNHLxJrfK7zaKIXQbfXYN32C+JoVFqAcTIOeWH2+VnsCOHg=="],

    "@bruits/satteri-win32-arm64-msvc": ["@bruits/satteri-win32-arm64-msvc@0.9.3", "", { "os": "win32", "cpu": "arm64" }, "sha512-VnwjBHiAra/PNNEza8eSZdQiG4A3PtTJJwUDtOPAc6iTs0BWZwZX8+OPUZE7//yQCBhgvEMcI8vpwsAwCb6qGQ=="],

    "@bruits/satteri-win32-x64-msvc": ["@bruits/satteri-win32-x64-msvc@0.9.3", "", { "os": "win32", "cpu": "x64" }, "sha512-Dsoe4reWe69MyILmMwU6iISIceTW7YIFqbyym7haf9DhUvqkYfMAyp7GMM21JzV0SpG9A2BwzFVP7iq9mmxrpA=="],

    "@emnapi/core": ["@emnapi/core@1.11.1", "", { "dependencies": { "@emnapi/wasi-threads": "1.2.2", "tslib": "^2.4.0" } }, "sha512-RSvbQmHzdKzNsLYa/wHrbc3KN4sYLKAdPZxqiM2HATqv/SBk2/ENSHpvXGaLOMcsAyz0poEGqkmmKYG3OWiJEQ=="],

    "@emnapi/runtime": ["@emnapi/runtime@1.11.1", "", { "dependencies": { "tslib": "^2.4.0" } }, "sha512-vgj7R3y3Wgx24IQaGPA/R6YFXLHVMOZ0uVEyIQPaWs+rd1AzfEMXlAC22FYwO1XkKR6NPsq7mUandH8oIRdZFw=="],

    "@emnapi/wasi-threads": ["@emnapi/wasi-threads@1.2.2", "", { "dependencies": { "tslib": "^2.4.0" } }, "sha512-c95qOXkHdydNKhscBTebqEC1CVAZpyqOfVfBzQ1qgzyl3gfeldUjIggDbIZgDKsHLgnsM+igH7TJ/eAasaVuMA=="],

    "@napi-rs/wasm-runtime": ["@napi-rs/wasm-runtime@1.1.6", "", { "dependencies": { "@tybys/wasm-util": "^0.10.3" }, "peerDependencies": { "@emnapi/core": "^1.7.1", "@emnapi/runtime": "^1.7.1" } }, "sha512-ZLv/JdUfkvOy9eCnnBaGfiO+XimbjebAeO+MRQqD/B+FR1tnRN0tpKSJHRbE8sFfS6aqsXZ67TQjfwfsxULVbg=="],

    "@tybys/wasm-util": ["@tybys/wasm-util@0.10.3", "", { "dependencies": { "tslib": "^2.4.0" } }, "sha512-F3fo1MYrRJYL3zER0OUOmkutjr1Vp23m7OsSgp7nq4SP6OqX6C/56XFIPAl5bt3zaBRjmW7SGz3u/6LwFpYcOg=="],

    "@types/estree": ["@types/estree@1.0.9", "", {}, "sha512-GhdPgy1el4/ImP05X05Uw4cw2/M93BCUmnEvWZNStlCzEKME4Fkk+YpoA5OiHNQmoS7Cafb8Xa3Pya8m1Qrzeg=="],

    "@types/estree-jsx": ["@types/estree-jsx@1.0.5", "", { "dependencies": { "@types/estree": "*" } }, "sha512-52CcUVNFyfb1A2ALocQw/Dd1BQFNmSdkuC3BkZ6iqhdMfQz7JWOFRuJFloOzjk+6WijU56m9oKXFAXc7o3Towg=="],

    "@types/hast": ["@types/hast@3.0.4", "", { "dependencies": { "@types/unist": "*" } }, "sha512-WPs+bbQw5aCj+x6laNGWLH3wviHtoCv/P3+otBhbOhJgG8qtpdAMlTCxLtsTWA7LH1Oh/bFCHsBn0TPS5m30EQ=="],

    "@types/mdast": ["@types/mdast@4.0.4", "", { "dependencies": { "@types/unist": "*" } }, "sha512-kGaNbPh1k7AFzgpud/gMdvIm5xuECykRR+JnWKQno9TAXVa6WIVCGTPvYGekIDL4uwCZQSYbUxNBSb1aUo79oA=="],

    "@types/unist": ["@types/unist@3.0.3", "", {}, "sha512-ko/gIFJRv177XgZsZcBwnqJN5x/Gien8qNOn0D5bQU/zAzVf9Zt3BlcUiLqhV9y4ARk0GbT3tnUiPNgnTXzc/Q=="],

    "satteri": ["satteri@0.9.3", "", { "dependencies": { "@types/estree-jsx": "^1.0.5", "@types/hast": "^3.0.4", "@types/mdast": "^4.0.4", "@types/unist": "^3.0.3" }, "optionalDependencies": { "@bruits/satteri-darwin-arm64": "0.9.3", "@bruits/satteri-darwin-x64": "0.9.3", "@bruits/satteri-linux-arm64-gnu": "0.9.3", "@bruits/satteri-linux-arm64-musl": "0.9.3", "@bruits/satteri-linux-x64-gnu": "0.9.3", "@bruits/satteri-linux-x64-musl": "0.9.3", "@bruits/satteri-wasm32-wasi": "0.9.3", "@bruits/satteri-win32-arm64-msvc": "0.9.3", "@bruits/satteri-win32-x64-msvc": "0.9.3" } }, "sha512-2XfBh89LCnBMFkNOeVKkBLelAZcIA17VLHsgJum1tJ2fXiPZDN/TDXv4ku46rFOQXYd41LJ0kiZh5gPqExcCsg=="],

    "tslib": ["tslib@2.8.1", "", {}, "sha512-oJFu94HQb+KVduSUQL7wnpmqnfmLsOA/nAh6b6EH0wCEoK0/mPeXU6c3wKDV83MkOuHPRHtSXKKU99IBazS/2w=="],
  }
}
